
Microsoft Visual Studio Solution File, Format Version 12.00
# Visual Studio Version 16
VisualStudioVersion = 16.0.31911.196
MinimumVisualStudioVersion = 10.0.40219.1
Project("{FAE04EC0-301F-11D3-BF4B-00C04F79EFBC}") = "ConsoleApp", "ConsoleApp.csproj", "{B0F38119-EF1F-4E96-90F5-BAF60B0AF840}"
EndProject
Global
	GlobalSection(SolutionConfigurationPlatforms) = preSolution
		Debug|Any CPU = Debug|Any CPU
		Release|Any CPU = Release|Any CPU
	EndGlobalSection
	GlobalSection(ProjectConfigurationPlatforms) = postSolution
		{B0F38119-EF1F-4E96-90F5-BAF60B0AF840}.Debug|Any CPU.ActiveCfg = Debug|Any CPU
		{B0F38119-EF1F-4E96-90F5-BAF60B0AF840}.Debug|Any CPU.Build.0 = Debug|Any CPU
		{B0F38119-EF1F-4E96-90F5-BAF60B0AF840}.Release|Any CPU.ActiveCfg = Release|Any CPU
		{B0F38119-EF1F-4E96-90F5-BAF60B0AF840}.Release|Any CPU.Build.0 = Release|Any CPU
	EndGlobalSection
	GlobalSection(SolutionProperties) = preSolution
		HideSolutionNode = FALSE
	EndGlobalSection
	GlobalSection(ExtensibilityGlobals) = postSolution
		SolutionGuid = {FC98CD52-7412-4CB3-AFA8-243A4D025CAE}
	EndGlobalSection
EndGlobal
